github.com/GoMemPipe/mempipe v1.5.0 h1:3RJcNTywf8Vm7mlDgZksvB6UR8fjR6NMbTUaLSMN9mw=
github.com/GoMemPipe/mempipe v1.5.0/go.mod h1:LlREBu9PQ2olP4fBG0aiJnmyJwxxZi/cFBU2YSZ5WNw=
github.com/GoMemPipe/memrag v1.4.0 h1:u1DaxVe7fusTbOQzdUhxOCRHDCY7gfxhWYp1c84SmYY=
github.com/GoMemPipe/memrag v1.4.0/go.mod h1:z0GZTLPm4IJo1x2EQ00OFuzoLkOCdCQoIKJSD1If6Eo=
gopkg.in/check.v1 v0.0.0-20161208181325-20d25e280405/go.mod h1:Co6ibVJAznAaIkqp8huTwlJQCZ016jof/cbN4VW5Yz0=
gopkg.in/yaml.v3 v3.0.1 h1:fxVm/GzAzEWqLHuvctI91KS9hhNmmWOoWu0XTYJS7CA=
gopkg.in/yaml.v3 v3.0.1/go.mod h1:K4uyk7z7BCEPqu6E+C64Yfv1cQ7kz7rIZviUmN+EgEM=
